Khulnasoft Visual Studio Solution File, Format Version 12.00
# Visual Studio Version 17
VisualStudioVersion = 17.8.34322.80
MinimumVisualStudioVersion = 10.0.40219.1
Project("{9A19103F-16F7-4668-BE54-9A1E7A4F7556}") = "DevGpt", "src\DevGpt\DevGpt.csproj", "{B2B27ACB-AA50-4FED-A06C-3AD6B4218188}"
EndProject
Project("{2150E333-8FDC-42A3-9474-1A3956D46DE8}") = "src", "src", "{18BF8DD7-0585-48BF-8F97-AD333080CE06}"
EndProject
Project("{2150E333-8FDC-42A3-9474-1A3956D46DE8}") = "test", "test", "{F823671B-3ECA-4AE6-86DA-25E920D3FE64}"
EndProject
Project("{9A19103F-16F7-4668-BE54-9A1E7A4F7556}") = "DevGpt.Tests", "test\DevGpt.Tests\DevGpt.Tests.csproj", "{FDD99AEC-4C57-4020-B23F-650612856102}"
EndProject
Project("{9A19103F-16F7-4668-BE54-9A1E7A4F7556}") = "DevGpt.SourceGenerator", "src\DevGpt.SourceGenerator\DevGpt.SourceGenerator.csproj", "{3FFD14E3-D6BC-4EA7-97A2-D21733060FD6}"
EndProject
Project("{9A19103F-16F7-4668-BE54-9A1E7A4F7556}") = "DevGpt.SourceGenerator.Tests", "test\DevGpt.SourceGenerator.Tests\DevGpt.SourceGenerator.Tests.csproj", "{05A2FAD8-03B0-4B2F-82AF-2F6BF0F050E5}"
EndProject
Project("{9A19103F-16F7-4668-BE54-9A1E7A4F7556}") = "DevGpt.BasicSample", "sample\DevGpt.BasicSamples\DevGpt.BasicSample.csproj", "{7EBF916A-A7B1-4B74-AF10-D705B7A18F58}"
EndProject
Project("{2150E333-8FDC-42A3-9474-1A3956D46DE8}") = "sample", "sample", "{FBFEAD1F-29EB-4D99-A672-0CD8473E10B9}"
EndProject
Project("{9A19103F-16F7-4668-BE54-9A1E7A4F7556}") = "DevGpt.DotnetInteractive", "src\DevGpt.DotnetInteractive\DevGpt.DotnetInteractive.csproj", "{B61D8008-7FB7-4C0E-8044-3A74AA63A596}"
EndProject
Project("{9A19103F-16F7-4668-BE54-9A1E7A4F7556}") = "DevGpt.LMStudio", "src\DevGpt.LMStudio\DevGpt.LMStudio.csproj", "{F98BDA9B-8657-4BA8-9B03-BAEA454CAE60}"
EndProject
Project("{9A19103F-16F7-4668-BE54-9A1E7A4F7556}") = "DevGpt.SemanticKernel", "src\DevGpt.SemanticKernel\DevGpt.SemanticKernel.csproj", "{45D6FC80-36F3-4967-9663-E20B63824621}"
EndProject
Project("{9A19103F-16F7-4668-BE54-9A1E7A4F7556}") = "DevGpt.Core", "src\DevGpt.Core\DevGpt.Core.csproj", "{D58D43D1-0617-4A3D-9932-C773E6398535}"
EndProject
Project("{9A19103F-16F7-4668-BE54-9A1E7A4F7556}") = "DevGpt.OpenAI", "src\DevGpt.OpenAI\DevGpt.OpenAI.csproj", "{63445BB7-DBB9-4AEF-9D6F-98BBE75EE1EC}"
EndProject
Project("{9A19103F-16F7-4668-BE54-9A1E7A4F7556}") = "DevGpt.Mistral", "src\DevGpt.Mistral\DevGpt.Mistral.csproj", "{6585D1A4-3D97-4D76-A688-1933B61AEB19}"
EndProject
Project("{9A19103F-16F7-4668-BE54-9A1E7A4F7556}") = "DevGpt.Mistral.Tests", "test\DevGpt.Mistral.Tests\DevGpt.Mistral.Tests.csproj", "{15441693-3659-4868-B6C1-B106F52FF3BA}"
EndProject
Project("{9A19103F-16F7-4668-BE54-9A1E7A4F7556}") = "DevGpt.WebAPI", "src\DevGpt.WebAPI\DevGpt.WebAPI.csproj", "{257FFD71-08E5-40C7-AB04-6A81A78EB410}"
EndProject
Project("{9A19103F-16F7-4668-BE54-9A1E7A4F7556}") = "DevGpt.WebAPI.Tests", "test\DevGpt.WebAPI.Tests\DevGpt.WebAPI.Tests.csproj", "{E2EF5E66-683C-4DDC-8ADA-5F676502B9BA}"
EndProject
Project("{9A19103F-16F7-4668-BE54-9A1E7A4F7556}") = "DevGpt.SemanticKernel.Tests", "test\DevGpt.SemanticKernel.Tests\DevGpt.SemanticKernel.Tests.csproj", "{1DFABC4A-8458-4875-8DCB-59F3802DAC65}"
EndProject
Project("{9A19103F-16F7-4668-BE54-9A1E7A4F7556}") = "DevGpt.OpenAI.Tests", "test\DevGpt.OpenAI.Tests\DevGpt.OpenAI.Tests.csproj", "{D36A85F9-C172-487D-8192-6BFE5D05B4A7}"
EndProject
Project("{9A19103F-16F7-4668-BE54-9A1E7A4F7556}") = "DevGpt.DotnetInteractive.Tests", "test\DevGpt.DotnetInteractive.Tests\DevGpt.DotnetInteractive.Tests.csproj", "{B61388CA-DC73-4B7F-A7B2-7B9A86C9229E}"
EndProject
Project("{9A19103F-16F7-4668-BE54-9A1E7A4F7556}") = "DevGpt.Ollama", "src\DevGpt.Ollama\DevGpt.Ollama.csproj", "{9F9E6DED-3D92-4970-909A-70FC11F1A665}"
EndProject
Project("{9A19103F-16F7-4668-BE54-9A1E7A4F7556}") = "DevGpt.Ollama.Tests", "test\DevGpt.Ollama.Tests\DevGpt.Ollama.Tests.csproj", "{03E31CAA-3728-48D3-B936-9F11CF6C18FE}"
EndProject
Project("{9A19103F-16F7-4668-BE54-9A1E7A4F7556}") = "DevGpt.Ollama.Sample", "sample\DevGpt.Ollama.Sample\DevGpt.Ollama.Sample.csproj", "{93AA4D0D-6EE4-44D5-AD77-7F73A3934544}"
EndProject
Project("{9A19103F-16F7-4668-BE54-9A1E7A4F7556}") = "DevGpt.SemanticKernel.Sample", "sample\DevGpt.SemanticKernel.Sample\DevGpt.SemanticKernel.Sample.csproj", "{52958A60-3FF7-4243-9058-34A6E4F55C31}"
EndProject
Project("{9A19103F-16F7-4668-BE54-9A1E7A4F7556}") = "DevGpt.Anthropic", "src\DevGpt.Anthropic\DevGpt.Anthropic.csproj", "{6A95E113-B824-4524-8F13-CD0C3E1C8804}"
EndProject
Project("{9A19103F-16F7-4668-BE54-9A1E7A4F7556}") = "DevGpt.Anthropic.Tests", "test\DevGpt.Anthropic.Tests\DevGpt.Anthropic.Tests.csproj", "{815E937E-86D6-4476-9EC6-B7FBCBBB5DB6}"
EndProject
Project("{9A19103F-16F7-4668-BE54-9A1E7A4F7556}") = "DevGpt.Anthropic.Samples", "sample\DevGpt.Anthropic.Samples\DevGpt.Anthropic.Samples.csproj", "{834B4E85-64E5-4382-8465-548F332E5298}"
EndProject
Project("{9A19103F-16F7-4668-BE54-9A1E7A4F7556}") = "DevGpt.Gemini", "src\DevGpt.Gemini\DevGpt.Gemini.csproj", "{EFE0DC86-80FC-4D52-95B7-07654BA1A769}"
EndProject
Project("{9A19103F-16F7-4668-BE54-9A1E7A4F7556}") = "DevGpt.Gemini.Tests", "test\DevGpt.Gemini.Tests\DevGpt.Gemini.Tests.csproj", "{8EA16BAB-465A-4C07-ABC4-1070D40067E9}"
EndProject
Project("{9A19103F-16F7-4668-BE54-9A1E7A4F7556}") = "DevGpt.Gemini.Sample", "sample\DevGpt.Gemini.Sample\DevGpt.Gemini.Sample.csproj", "{19679B75-CE3A-4DF0-A3F0-CA369D2760A4}"
EndProject
Project("{9A19103F-16F7-4668-BE54-9A1E7A4F7556}") = "DevGpt.AotCompatibility.Tests", "test\DevGpt.AotCompatibility.Tests\DevGpt.AotCompatibility.Tests.csproj", "{6B82F26D-5040-4453-B21B-C8D1F913CE4C}"
EndProject
Project("{9A19103F-16F7-4668-BE54-9A1E7A4F7556}") = "DevGpt.OpenAI.Sample", "sample\DevGpt.OpenAI.Sample\DevGpt.OpenAI.Sample.csproj", "{0E635268-351C-4A6B-A28D-593D868C2CA4}"
EndProject
Project("{9A19103F-16F7-4668-BE54-9A1E7A4F7556}") = "DevGpt.WebAPI.Sample", "sample\DevGpt.WebAPI.Sample\DevGpt.WebAPI.Sample.csproj", "{12079C18-A519-403F-BBFD-200A36A0C083}"
EndProject
Project("{9A19103F-16F7-4668-BE54-9A1E7A4F7556}") = "DevGpt.AzureAIInference", "src\DevGpt.AzureAIInference\DevGpt.AzureAIInference.csproj", "{5C45981D-1319-4C25-935C-83D411CB28DF}"
EndProject
Project("{FAE04EC0-301F-11D3-BF4B-00C04F79EFBC}") = "DevGpt.AzureAIInference.Tests", "test\DevGpt.AzureAIInference.Tests\DevGpt.AzureAIInference.Tests.csproj", "{5970868F-831E-418F-89A9-4EC599563E16}"
EndProject
Project("{FAE04EC0-301F-11D3-BF4B-00C04F79EFBC}") = "DevGpt.Tests.Share", "test\DevGpt.Test.Share\DevGpt.Tests.Share.csproj", "{143725E2-206C-4D37-93E4-9EDF699826B2}"
EndProject
Global
	GlobalSection(SolutionConfigurationPlatforms) = preSolution
		Debug|Any CPU = Debug|Any CPU
		Release|Any CPU = Release|Any CPU
	EndGlobalSection
	GlobalSection(ProjectConfigurationPlatforms) = postSolution
		{B2B27ACB-AA50-4FED-A06C-3AD6B4218188}.Debug|Any CPU.ActiveCfg = Debug|Any CPU
		{B2B27ACB-AA50-4FED-A06C-3AD6B4218188}.Debug|Any CPU.Build.0 = Debug|Any CPU
		{B2B27ACB-AA50-4FED-A06C-3AD6B4218188}.Release|Any CPU.ActiveCfg = Release|Any CPU
		{B2B27ACB-AA50-4FED-A06C-3AD6B4218188}.Release|Any CPU.Build.0 = Release|Any CPU
		{FDD99AEC-4C57-4020-B23F-650612856102}.Debug|Any CPU.ActiveCfg = Debug|Any CPU
		{FDD99AEC-4C57-4020-B23F-650612856102}.Debug|Any CPU.Build.0 = Debug|Any CPU
		{FDD99AEC-4C57-4020-B23F-650612856102}.Release|Any CPU.ActiveCfg = Release|Any CPU
		{FDD99AEC-4C57-4020-B23F-650612856102}.Release|Any CPU.Build.0 = Release|Any CPU
		{3FFD14E3-D6BC-4EA7-97A2-D21733060FD6}.Debug|Any CPU.ActiveCfg = Debug|Any CPU
		{3FFD14E3-D6BC-4EA7-97A2-D21733060FD6}.Debug|Any CPU.Build.0 = Debug|Any CPU
		{3FFD14E3-D6BC-4EA7-97A2-D21733060FD6}.Release|Any CPU.ActiveCfg = Release|Any CPU
		{3FFD14E3-D6BC-4EA7-97A2-D21733060FD6}.Release|Any CPU.Build.0 = Release|Any CPU
		{05A2FAD8-03B0-4B2F-82AF-2F6BF0F050E5}.Debug|Any CPU.ActiveCfg = Debug|Any CPU
		{05A2FAD8-03B0-4B2F-82AF-2F6BF0F050E5}.Debug|Any CPU.Build.0 = Debug|Any CPU
		{05A2FAD8-03B0-4B2F-82AF-2F6BF0F050E5}.Release|Any CPU.ActiveCfg = Release|Any CPU
		{05A2FAD8-03B0-4B2F-82AF-2F6BF0F050E5}.Release|Any CPU.Build.0 = Release|Any CPU
		{7EBF916A-A7B1-4B74-AF10-D705B7A18F58}.Debug|Any CPU.ActiveCfg = Debug|Any CPU
		{7EBF916A-A7B1-4B74-AF10-D705B7A18F58}.Debug|Any CPU.Build.0 = Debug|Any CPU
		{7EBF916A-A7B1-4B74-AF10-D705B7A18F58}.Release|Any CPU.ActiveCfg = Release|Any CPU
		{7EBF916A-A7B1-4B74-AF10-D705B7A18F58}.Release|Any CPU.Build.0 = Release|Any CPU
		{B61D8008-7FB7-4C0E-8044-3A74AA63A596}.Debug|Any CPU.ActiveCfg = Debug|Any CPU
		{B61D8008-7FB7-4C0E-8044-3A74AA63A596}.Debug|Any CPU.Build.0 = Debug|Any CPU
		{B61D8008-7FB7-4C0E-8044-3A74AA63A596}.Release|Any CPU.ActiveCfg = Release|Any CPU
		{B61D8008-7FB7-4C0E-8044-3A74AA63A596}.Release|Any CPU.Build.0 = Release|Any CPU
		{F98BDA9B-8657-4BA8-9B03-BAEA454CAE60}.Debug|Any CPU.ActiveCfg = Debug|Any CPU
		{F98BDA9B-8657-4BA8-9B03-BAEA454CAE60}.Debug|Any CPU.Build.0 = Debug|Any CPU
		{F98BDA9B-8657-4BA8-9B03-BAEA454CAE60}.Release|Any CPU.ActiveCfg = Release|Any CPU
		{F98BDA9B-8657-4BA8-9B03-BAEA454CAE60}.Release|Any CPU.Build.0 = Release|Any CPU
		{45D6FC80-36F3-4967-9663-E20B63824621}.Debug|Any CPU.ActiveCfg = Debug|Any CPU
		{45D6FC80-36F3-4967-9663-E20B63824621}.Debug|Any CPU.Build.0 = Debug|Any CPU
		{45D6FC80-36F3-4967-9663-E20B63824621}.Release|Any CPU.ActiveCfg = Release|Any CPU
		{45D6FC80-36F3-4967-9663-E20B63824621}.Release|Any CPU.Build.0 = Release|Any CPU
		{D58D43D1-0617-4A3D-9932-C773E6398535}.Debug|Any CPU.ActiveCfg = Debug|Any CPU
		{D58D43D1-0617-4A3D-9932-C773E6398535}.Debug|Any CPU.Build.0 = Debug|Any CPU
		{D58D43D1-0617-4A3D-9932-C773E6398535}.Release|Any CPU.ActiveCfg = Release|Any CPU
		{D58D43D1-0617-4A3D-9932-C773E6398535}.Release|Any CPU.Build.0 = Release|Any CPU
		{63445BB7-DBB9-4AEF-9D6F-98BBE75EE1EC}.Debug|Any CPU.ActiveCfg = Debug|Any CPU
		{63445BB7-DBB9-4AEF-9D6F-98BBE75EE1EC}.Debug|Any CPU.Build.0 = Debug|Any CPU
		{63445BB7-DBB9-4AEF-9D6F-98BBE75EE1EC}.Release|Any CPU.ActiveCfg = Release|Any CPU
		{63445BB7-DBB9-4AEF-9D6F-98BBE75EE1EC}.Release|Any CPU.Build.0 = Release|Any CPU
		{6585D1A4-3D97-4D76-A688-1933B61AEB19}.Debug|Any CPU.ActiveCfg = Debug|Any CPU
		{6585D1A4-3D97-4D76-A688-1933B61AEB19}.Debug|Any CPU.Build.0 = Debug|Any CPU
		{6585D1A4-3D97-4D76-A688-1933B61AEB19}.Release|Any CPU.ActiveCfg = Release|Any CPU
		{6585D1A4-3D97-4D76-A688-1933B61AEB19}.Release|Any CPU.Build.0 = Release|Any CPU
		{15441693-3659-4868-B6C1-B106F52FF3BA}.Debug|Any CPU.ActiveCfg = Debug|Any CPU
		{15441693-3659-4868-B6C1-B106F52FF3BA}.Debug|Any CPU.Build.0 = Debug|Any CPU
		{15441693-3659-4868-B6C1-B106F52FF3BA}.Release|Any CPU.ActiveCfg = Release|Any CPU
		{15441693-3659-4868-B6C1-B106F52FF3BA}.Release|Any CPU.Build.0 = Release|Any CPU
		{257FFD71-08E5-40C7-AB04-6A81A78EB410}.Debug|Any CPU.ActiveCfg = Debug|Any CPU
		{257FFD71-08E5-40C7-AB04-6A81A78EB410}.Debug|Any CPU.Build.0 = Debug|Any CPU
		{257FFD71-08E5-40C7-AB04-6A81A78EB410}.Release|Any CPU.ActiveCfg = Release|Any CPU
		{257FFD71-08E5-40C7-AB04-6A81A78EB410}.Release|Any CPU.Build.0 = Release|Any CPU
		{E2EF5E66-683C-4DDC-8ADA-5F676502B9BA}.Debug|Any CPU.ActiveCfg = Debug|Any CPU
		{E2EF5E66-683C-4DDC-8ADA-5F676502B9BA}.Debug|Any CPU.Build.0 = Debug|Any CPU
		{E2EF5E66-683C-4DDC-8ADA-5F676502B9BA}.Release|Any CPU.ActiveCfg = Release|Any CPU
		{E2EF5E66-683C-4DDC-8ADA-5F676502B9BA}.Release|Any CPU.Build.0 = Release|Any CPU
		{1DFABC4A-8458-4875-8DCB-59F3802DAC65}.Debug|Any CPU.ActiveCfg = Debug|Any CPU
		{1DFABC4A-8458-4875-8DCB-59F3802DAC65}.Debug|Any CPU.Build.0 = Debug|Any CPU
		{1DFABC4A-8458-4875-8DCB-59F3802DAC65}.Release|Any CPU.ActiveCfg = Release|Any CPU
		{1DFABC4A-8458-4875-8DCB-59F3802DAC65}.Release|Any CPU.Build.0 = Release|Any CPU
		{D36A85F9-C172-487D-8192-6BFE5D05B4A7}.Debug|Any CPU.ActiveCfg = Debug|Any CPU
		{D36A85F9-C172-487D-8192-6BFE5D05B4A7}.Debug|Any CPU.Build.0 = Debug|Any CPU
		{D36A85F9-C172-487D-8192-6BFE5D05B4A7}.Release|Any CPU.ActiveCfg = Release|Any CPU
		{D36A85F9-C172-487D-8192-6BFE5D05B4A7}.Release|Any CPU.Build.0 = Release|Any CPU
		{B61388CA-DC73-4B7F-A7B2-7B9A86C9229E}.Debug|Any CPU.ActiveCfg = Debug|Any CPU
		{B61388CA-DC73-4B7F-A7B2-7B9A86C9229E}.Debug|Any CPU.Build.0 = Debug|Any CPU
		{B61388CA-DC73-4B7F-A7B2-7B9A86C9229E}.Release|Any CPU.ActiveCfg = Release|Any CPU
		{B61388CA-DC73-4B7F-A7B2-7B9A86C9229E}.Release|Any CPU.Build.0 = Release|Any CPU
		{9F9E6DED-3D92-4970-909A-70FC11F1A665}.Debug|Any CPU.ActiveCfg = Debug|Any CPU
		{9F9E6DED-3D92-4970-909A-70FC11F1A665}.Debug|Any CPU.Build.0 = Debug|Any CPU
		{9F9E6DED-3D92-4970-909A-70FC11F1A665}.Release|Any CPU.ActiveCfg = Release|Any CPU
		{9F9E6DED-3D92-4970-909A-70FC11F1A665}.Release|Any CPU.Build.0 = Release|Any CPU
		{03E31CAA-3728-48D3-B936-9F11CF6C18FE}.Debug|Any CPU.ActiveCfg = Debug|Any CPU
		{03E31CAA-3728-48D3-B936-9F11CF6C18FE}.Debug|Any CPU.Build.0 = Debug|Any CPU
		{03E31CAA-3728-48D3-B936-9F11CF6C18FE}.Release|Any CPU.ActiveCfg = Release|Any CPU
		{03E31CAA-3728-48D3-B936-9F11CF6C18FE}.Release|Any CPU.Build.0 = Release|Any CPU
		{93AA4D0D-6EE4-44D5-AD77-7F73A3934544}.Debug|Any CPU.ActiveCfg = Debug|Any CPU
		{93AA4D0D-6EE4-44D5-AD77-7F73A3934544}.Debug|Any CPU.Build.0 = Debug|Any CPU
		{93AA4D0D-6EE4-44D5-AD77-7F73A3934544}.Release|Any CPU.ActiveCfg = Release|Any CPU
		{93AA4D0D-6EE4-44D5-AD77-7F73A3934544}.Release|Any CPU.Build.0 = Release|Any CPU
		{52958A60-3FF7-4243-9058-34A6E4F55C31}.Debug|Any CPU.ActiveCfg = Debug|Any CPU
		{52958A60-3FF7-4243-9058-34A6E4F55C31}.Debug|Any CPU.Build.0 = Debug|Any CPU
		{52958A60-3FF7-4243-9058-34A6E4F55C31}.Release|Any CPU.ActiveCfg = Release|Any CPU
		{52958A60-3FF7-4243-9058-34A6E4F55C31}.Release|Any CPU.Build.0 = Release|Any CPU
		{6A95E113-B824-4524-8F13-CD0C3E1C8804}.Debug|Any CPU.ActiveCfg = Debug|Any CPU
		{6A95E113-B824-4524-8F13-CD0C3E1C8804}.Debug|Any CPU.Build.0 = Debug|Any CPU
		{6A95E113-B824-4524-8F13-CD0C3E1C8804}.Release|Any CPU.ActiveCfg = Release|Any CPU
		{6A95E113-B824-4524-8F13-CD0C3E1C8804}.Release|Any CPU.Build.0 = Release|Any CPU
		{815E937E-86D6-4476-9EC6-B7FBCBBB5DB6}.Debug|Any CPU.ActiveCfg = Debug|Any CPU
		{815E937E-86D6-4476-9EC6-B7FBCBBB5DB6}.Debug|Any CPU.Build.0 = Debug|Any CPU
		{815E937E-86D6-4476-9EC6-B7FBCBBB5DB6}.Release|Any CPU.ActiveCfg = Release|Any CPU
		{815E937E-86D6-4476-9EC6-B7FBCBBB5DB6}.Release|Any CPU.Build.0 = Release|Any CPU
		{834B4E85-64E5-4382-8465-548F332E5298}.Debug|Any CPU.ActiveCfg = Debug|Any CPU
		{834B4E85-64E5-4382-8465-548F332E5298}.Debug|Any CPU.Build.0 = Debug|Any CPU
		{834B4E85-64E5-4382-8465-548F332E5298}.Release|Any CPU.ActiveCfg = Release|Any CPU
		{834B4E85-64E5-4382-8465-548F332E5298}.Release|Any CPU.Build.0 = Release|Any CPU
		{EFE0DC86-80FC-4D52-95B7-07654BA1A769}.Debug|Any CPU.ActiveCfg = Debug|Any CPU
		{EFE0DC86-80FC-4D52-95B7-07654BA1A769}.Debug|Any CPU.Build.0 = Debug|Any CPU
		{EFE0DC86-80FC-4D52-95B7-07654BA1A769}.Release|Any CPU.ActiveCfg = Release|Any CPU
		{EFE0DC86-80FC-4D52-95B7-07654BA1A769}.Release|Any CPU.Build.0 = Release|Any CPU
		{8EA16BAB-465A-4C07-ABC4-1070D40067E9}.Debug|Any CPU.ActiveCfg = Debug|Any CPU
		{8EA16BAB-465A-4C07-ABC4-1070D40067E9}.Debug|Any CPU.Build.0 = Debug|Any CPU
		{8EA16BAB-465A-4C07-ABC4-1070D40067E9}.Release|Any CPU.ActiveCfg = Release|Any CPU
		{8EA16BAB-465A-4C07-ABC4-1070D40067E9}.Release|Any CPU.Build.0 = Release|Any CPU
		{19679B75-CE3A-4DF0-A3F0-CA369D2760A4}.Debug|Any CPU.ActiveCfg = Debug|Any CPU
		{19679B75-CE3A-4DF0-A3F0-CA369D2760A4}.Debug|Any CPU.Build.0 = Debug|Any CPU
		{19679B75-CE3A-4DF0-A3F0-CA369D2760A4}.Release|Any CPU.ActiveCfg = Release|Any CPU
		{19679B75-CE3A-4DF0-A3F0-CA369D2760A4}.Release|Any CPU.Build.0 = Release|Any CPU
		{6B82F26D-5040-4453-B21B-C8D1F913CE4C}.Debug|Any CPU.ActiveCfg = Debug|Any CPU
		{6B82F26D-5040-4453-B21B-C8D1F913CE4C}.Debug|Any CPU.Build.0 = Debug|Any CPU
		{6B82F26D-5040-4453-B21B-C8D1F913CE4C}.Release|Any CPU.ActiveCfg = Release|Any CPU
		{6B82F26D-5040-4453-B21B-C8D1F913CE4C}.Release|Any CPU.Build.0 = Release|Any CPU
		{0E635268-351C-4A6B-A28D-593D868C2CA4}.Debug|Any CPU.ActiveCfg = Debug|Any CPU
		{0E635268-351C-4A6B-A28D-593D868C2CA4}.Debug|Any CPU.Build.0 = Debug|Any CPU
		{0E635268-351C-4A6B-A28D-593D868C2CA4}.Release|Any CPU.ActiveCfg = Release|Any CPU
		{0E635268-351C-4A6B-A28D-593D868C2CA4}.Release|Any CPU.Build.0 = Release|Any CPU
		{12079C18-A519-403F-BBFD-200A36A0C083}.Debug|Any CPU.ActiveCfg = Debug|Any CPU
		{12079C18-A519-403F-BBFD-200A36A0C083}.Debug|Any CPU.Build.0 = Debug|Any CPU
		{12079C18-A519-403F-BBFD-200A36A0C083}.Release|Any CPU.ActiveCfg = Release|Any CPU
		{12079C18-A519-403F-BBFD-200A36A0C083}.Release|Any CPU.Build.0 = Release|Any CPU
		{5C45981D-1319-4C25-935C-83D411CB28DF}.Debug|Any CPU.ActiveCfg = Debug|Any CPU
		{5C45981D-1319-4C25-935C-83D411CB28DF}.Debug|Any CPU.Build.0 = Debug|Any CPU
		{5C45981D-1319-4C25-935C-83D411CB28DF}.Release|Any CPU.ActiveCfg = Release|Any CPU
		{5C45981D-1319-4C25-935C-83D411CB28DF}.Release|Any CPU.Build.0 = Release|Any CPU
		{5970868F-831E-418F-89A9-4EC599563E16}.Debug|Any CPU.ActiveCfg = Debug|Any CPU
		{5970868F-831E-418F-89A9-4EC599563E16}.Debug|Any CPU.Build.0 = Debug|Any CPU
		{5970868F-831E-418F-89A9-4EC599563E16}.Release|Any CPU.ActiveCfg = Release|Any CPU
		{5970868F-831E-418F-89A9-4EC599563E16}.Release|Any CPU.Build.0 = Release|Any CPU
		{143725E2-206C-4D37-93E4-9EDF699826B2}.Debug|Any CPU.ActiveCfg = Debug|Any CPU
		{143725E2-206C-4D37-93E4-9EDF699826B2}.Debug|Any CPU.Build.0 = Debug|Any CPU
		{143725E2-206C-4D37-93E4-9EDF699826B2}.Release|Any CPU.ActiveCfg = Release|Any CPU
		{143725E2-206C-4D37-93E4-9EDF699826B2}.Release|Any CPU.Build.0 = Release|Any CPU
	EndGlobalSection
	GlobalSection(SolutionProperties) = preSolution
		HideSolutionNode = FALSE
	EndGlobalSection
	GlobalSection(NestedProjects) = preSolution
		{B2B27ACB-AA50-4FED-A06C-3AD6B4218188} = {18BF8DD7-0585-48BF-8F97-AD333080CE06}
		{FDD99AEC-4C57-4020-B23F-650612856102} = {F823671B-3ECA-4AE6-86DA-25E920D3FE64}
		{3FFD14E3-D6BC-4EA7-97A2-D21733060FD6} = {18BF8DD7-0585-48BF-8F97-AD333080CE06}
		{05A2FAD8-03B0-4B2F-82AF-2F6BF0F050E5} = {F823671B-3ECA-4AE6-86DA-25E920D3FE64}
		{7EBF916A-A7B1-4B74-AF10-D705B7A18F58} = {FBFEAD1F-29EB-4D99-A672-0CD8473E10B9}
		{B61D8008-7FB7-4C0E-8044-3A74AA63A596} = {18BF8DD7-0585-48BF-8F97-AD333080CE06}
		{F98BDA9B-8657-4BA8-9B03-BAEA454CAE60} = {18BF8DD7-0585-48BF-8F97-AD333080CE06}
		{45D6FC80-36F3-4967-9663-E20B63824621} = {18BF8DD7-0585-48BF-8F97-AD333080CE06}
		{D58D43D1-0617-4A3D-9932-C773E6398535} = {18BF8DD7-0585-48BF-8F97-AD333080CE06}
		{63445BB7-DBB9-4AEF-9D6F-98BBE75EE1EC} = {18BF8DD7-0585-48BF-8F97-AD333080CE06}
		{6585D1A4-3D97-4D76-A688-1933B61AEB19} = {18BF8DD7-0585-48BF-8F97-AD333080CE06}
		{15441693-3659-4868-B6C1-B106F52FF3BA} = {F823671B-3ECA-4AE6-86DA-25E920D3FE64}
		{257FFD71-08E5-40C7-AB04-6A81A78EB410} = {18BF8DD7-0585-48BF-8F97-AD333080CE06}
		{E2EF5E66-683C-4DDC-8ADA-5F676502B9BA} = {F823671B-3ECA-4AE6-86DA-25E920D3FE64}
		{1DFABC4A-8458-4875-8DCB-59F3802DAC65} = {F823671B-3ECA-4AE6-86DA-25E920D3FE64}
		{D36A85F9-C172-487D-8192-6BFE5D05B4A7} = {F823671B-3ECA-4AE6-86DA-25E920D3FE64}
		{B61388CA-DC73-4B7F-A7B2-7B9A86C9229E} = {F823671B-3ECA-4AE6-86DA-25E920D3FE64}
		{9F9E6DED-3D92-4970-909A-70FC11F1A665} = {18BF8DD7-0585-48BF-8F97-AD333080CE06}
		{03E31CAA-3728-48D3-B936-9F11CF6C18FE} = {F823671B-3ECA-4AE6-86DA-25E920D3FE64}
		{93AA4D0D-6EE4-44D5-AD77-7F73A3934544} = {FBFEAD1F-29EB-4D99-A672-0CD8473E10B9}
		{52958A60-3FF7-4243-9058-34A6E4F55C31} = {FBFEAD1F-29EB-4D99-A672-0CD8473E10B9}
		{6A95E113-B824-4524-8F13-CD0C3E1C8804} = {18BF8DD7-0585-48BF-8F97-AD333080CE06}
		{815E937E-86D6-4476-9EC6-B7FBCBBB5DB6} = {F823671B-3ECA-4AE6-86DA-25E920D3FE64}
		{834B4E85-64E5-4382-8465-548F332E5298} = {FBFEAD1F-29EB-4D99-A672-0CD8473E10B9}
		{EFE0DC86-80FC-4D52-95B7-07654BA1A769} = {18BF8DD7-0585-48BF-8F97-AD333080CE06}
		{8EA16BAB-465A-4C07-ABC4-1070D40067E9} = {F823671B-3ECA-4AE6-86DA-25E920D3FE64}
		{19679B75-CE3A-4DF0-A3F0-CA369D2760A4} = {FBFEAD1F-29EB-4D99-A672-0CD8473E10B9}
		{6B82F26D-5040-4453-B21B-C8D1F913CE4C} = {F823671B-3ECA-4AE6-86DA-25E920D3FE64}
		{0E635268-351C-4A6B-A28D-593D868C2CA4} = {FBFEAD1F-29EB-4D99-A672-0CD8473E10B9}
		{12079C18-A519-403F-BBFD-200A36A0C083} = {FBFEAD1F-29EB-4D99-A672-0CD8473E10B9}
		{5C45981D-1319-4C25-935C-83D411CB28DF} = {18BF8DD7-0585-48BF-8F97-AD333080CE06}
		{5970868F-831E-418F-89A9-4EC599563E16} = {F823671B-3ECA-4AE6-86DA-25E920D3FE64}
		{143725E2-206C-4D37-93E4-9EDF699826B2} = {F823671B-3ECA-4AE6-86DA-25E920D3FE64}
	EndGlobalSection
	GlobalSection(ExtensibilityGlobals) = postSolution
		SolutionGuid = {93384647-528D-46C8-922C-8DB36A382F0B}
	EndGlobalSection
EndGlobal
